
Microsoft Visual Studio Solution File, Format Version 12.00
# Visual Studio Version 17
VisualStudioVersion = 17.5.33424.131
MinimumVisualStudioVersion = 10.0.40219.1
Project("{FAE04EC0-301F-11D3-BF4B-00C04F79EFBC}") = "Hello World!", "Hello World!\Hello World!.csproj", "{8129DE51-8548-4BB3-95C8-29A4CE0BB147}"
EndProject
Project("{2150E333-8FDC-42A3-9474-1A3956D46DE8}") = "Solution Items", "Solution Items", "{D81E68C9-C782-49BA-8315-078B7BF730B7}"
	ProjectSection(SolutionItems) = preProject
		LICENSE.md = LICENSE.md
		README.md = README.md
	EndProjectSection
EndProject
Global
	GlobalSection(SolutionConfigurationPlatforms) = preSolution
		Debug|Any CPU = Debug|Any CPU
		Release|Any CPU = Release|Any CPU
	EndGlobalSection
	GlobalSection(ProjectConfigurationPlatforms) = postSolution
		{8129DE51-8548-4BB3-95C8-29A4CE0BB147}.Debug|Any CPU.ActiveCfg = Debug|Any CPU
		{8129DE51-8548-4BB3-95C8-29A4CE0BB147}.Debug|Any CPU.Build.0 = Debug|Any CPU
		{8129DE51-8548-4BB3-95C8-29A4CE0BB147}.Release|Any CPU.ActiveCfg = Release|Any CPU
		{8129DE51-8548-4BB3-95C8-29A4CE0BB147}.Release|Any CPU.Build.0 = Release|Any CPU
	EndGlobalSection
	GlobalSection(SolutionProperties) = preSolution
		HideSolutionNode = FALSE
	EndGlobalSection
	GlobalSection(ExtensibilityGlobals) = postSolution
		SolutionGuid = {ABF497D1-ECD4-4BDA-B690-7240AE941C48}
	EndGlobalSection
EndGlobal
